// !$*UTF8*$!
{
	archiveVersion = 1;
	classes = {
	};
	objectVersion = 50;
	objects = {

/* Begin PBXBuildFile section */
		4AB87AAE245CD09800DB6525 /* AppDelegate.swift in Sources */ = {isa = PBXBuildFile; fileRef = 4AB87AAD245CD09800DB6525 /* AppDelegate.swift */; };
		4AB87AB2245CD09800DB6525 /* TetrisViewController.swift in Sources */ = {isa = PBXBuildFile; fileRef = 4AB87AB1245CD09800DB6525 /* TetrisViewController.swift */; };
		4AB87AB5245CD09800DB6525 /* Main.storyboard in Resources */ = {isa = PBXBuildFile; fileRef = 4AB87AB3245CD09800DB6525 /* Main.storyboard */; };
		4AB87AB7245CD09900DB6525 /* Assets.xcassets in Resources */ = {isa = PBXBuildFile; fileRef = 4AB87AB6245CD09900DB6525 /* Assets.xcassets */; };
		4AB87ABA245CD09900DB6525 /* LaunchScreen.storyboard in Resources */ = {isa = PBXBuildFile; fileRef = 4AB87AB8245CD09900DB6525 /* LaunchScreen.storyboard */; };
		4AB87AC3245CDCED00DB6525 /* BoardScene.swift in Sources */ = {isa = PBXBuildFile; fileRef = 4AB87AC2245CDCED00DB6525 /* BoardScene.swift */; };
		4AB87AC5245CE80900DB6525 /* ShapeNode.swift in Sources */ = {isa = PBXBuildFile; fileRef = 4AB87AC4245CE80900DB6525 /* ShapeNode.swift */; };
		4AC62FE824664EBE0059816E /* BlockNode.swift in Sources */ = {isa = PBXBuildFile; fileRef = 4AC62FE724664EBE0059816E /* BlockNode.swift */; };
		4AC62FEA246777640059816E /* Utilities.swift in Sources */ = {isa = PBXBuildFile; fileRef = 4AC62FE9246777630059816E /* Utilities.swift */; };
		4AD7D718246F9B5500055E33 /* Hud.swift in Sources */ = {isa = PBXBuildFile; fileRef = 4AD7D717246F9B5500055E33 /* Hud.swift */; };
		4AF4AE762472FFDF00775E88 /* HighScoresViewController.swift in Sources */ = {isa = PBXBuildFile; fileRef = 4AF4AE752472FFDF00775E88 /* HighScoresViewController.swift */; };
		4AF4AE7B24758FA200775E88 /* Button.swift in Sources */ = {isa = PBXBuildFile; fileRef = 4AF4AE7A24758FA100775E88 /* Button.swift */; };
/* End PBXBuildFile section */

/* Begin PBXFileReference section */
		4AB87AAA245CD09800DB6525 /* Tetris.app */ = {isa = PBXFileReference; explicitFileType = wrapper.application; includeInIndex = 0; path = Tetris.app; sourceTree = BUILT_PRODUCTS_DIR; };
		4AB87AAD245CD09800DB6525 /* AppDelegate.swift */ = {isa = PBXFileReference; lastKnownFileType = sourcecode.swift; path = AppDelegate.swift; sourceTree = "<group>"; };
		4AB87AB1245CD09800DB6525 /* TetrisViewController.swift */ = {isa = PBXFileReference; lastKnownFileType = sourcecode.swift; path = TetrisViewController.swift; sourceTree = "<group>"; };
		4AB87AB4245CD09800DB6525 /* Base */ = {isa = PBXFileReference; lastKnownFileType = file.storyboard; name = Base; path = Base.lproj/Main.storyboard; sourceTree = "<group>"; };
		4AB87AB6245CD09900DB6525 /* Assets.xcassets */ = {isa = PBXFileReference; lastKnownFileType = folder.assetcatalog; path = Assets.xcassets; sourceTree = "<group>"; };
		4AB87AB9245CD09900DB6525 /* Base */ = {isa = PBXFileReference; lastKnownFileType = file.storyboard; name = Base; path = Base.lproj/LaunchScreen.storyboard; sourceTree = "<group>"; };
		4AB87ABB245CD09900DB6525 /* Info.plist */ = {isa = PBXFileReference; lastKnownFileType = text.plist.xml; path = Info.plist; sourceTree = "<group>"; };
		4AB87AC2245CDCED00DB6525 /* BoardScene.swift */ = {isa = PBXFileReference; fileEncoding = 4; lastKnownFileType = sourcecode.swift; path = BoardScene.swift; sourceTree = "<group>"; };
		4AB87AC4245CE80900DB6525 /* ShapeNode.swift */ = {isa = PBXFileReference; lastKnownFileType = sourcecode.swift; path = ShapeNode.swift; sourceTree = "<group>"; };
		4AC62FE724664EBE0059816E /* BlockNode.swift */ = {isa = PBXFileReference; lastKnownFileType = sourcecode.swift; path = BlockNode.swift; sourceTree = "<group>"; };
		4AC62FE9246777630059816E /* Utilities.swift */ = {isa = PBXFileReference; fileEncoding = 4; lastKnownFileType = sourcecode.swift; path = Utilities.swift; sourceTree = "<group>"; };
		4AD7D717246F9B5500055E33 /* Hud.swift */ = {isa = PBXFileReference; fileEncoding = 4; lastKnownFileType = sourcecode.swift; path = Hud.swift; sourceTree = "<group>"; };
		4AF4AE752472FFDF00775E88 /* HighScoresViewController.swift */ = {isa = PBXFileReference; lastKnownFileType = sourcecode.swift; path = HighScoresViewController.swift; sourceTree = "<group>"; };
		4AF4AE7A24758FA100775E88 /* Button.swift */ = {isa = PBXFileReference; fileEncoding = 4; lastKnownFileType = sourcecode.swift; path = Button.swift; sourceTree = "<group>"; };
/* End PBXFileReference section */

/* Begin PBXFrameworksBuildPhase section */
		4AB87AA7245CD09800DB6525 /* Frameworks */ = {
			isa = PBXFrameworksBuildPhase;
			buildActionMask = 2147483647;
			files = (
			);
			runOnlyForDeploymentPostprocessing = 0;
		};
/* End PBXFrameworksBuildPhase section */

/* Begin PBXGroup section */
		4AB87AA1245CD09800DB6525 = {
			isa = PBXGroup;
			children = (
				4AB87AAC245CD09800DB6525 /* Tetris */,
				4AB87AAB245CD09800DB6525 /* Products */,
			);
			sourceTree = "<group>";
		};
		4AB87AAB245CD09800DB6525 /* Products */ = {
			isa = PBXGroup;
			children = (
				4AB87AAA245CD09800DB6525 /* Tetris.app */,
			);
			name = Products;
			sourceTree = "<group>";
		};
		4AB87AAC245CD09800DB6525 /* Tetris */ = {
			isa = PBXGroup;
			children = (
				4AB87AB3245CD09800DB6525 /* Main.storyboard */,
				4AB87AB1245CD09800DB6525 /* TetrisViewController.swift */,
				4AF4AE752472FFDF00775E88 /* HighScoresViewController.swift */,
				4AB87AC2245CDCED00DB6525 /* BoardScene.swift */,
				4AB87AC4245CE80900DB6525 /* ShapeNode.swift */,
				4AC62FE724664EBE0059816E /* BlockNode.swift */,
				4AD7D717246F9B5500055E33 /* Hud.swift */,
				4AF4AE7A24758FA100775E88 /* Button.swift */,
				4AC62FE9246777630059816E /* Utilities.swift */,
				4AB87AC1245CD0C400DB6525 /* Supporting Files */,
				4AB87ABB245CD09900DB6525 /* Info.plist */,
			);
			path = Tetris;
			sourceTree = "<group>";
		};
		4AB87AC1245CD0C400DB6525 /* Supporting Files */ = {
			isa = PBXGroup;
			children = (
				4AB87AAD245CD09800DB6525 /* AppDelegate.swift */,
				4AB87AB6245CD09900DB6525 /* Assets.xcassets */,
				4AB87AB8245CD09900DB6525 /* LaunchScreen.storyboard */,
			);
			path = "Supporting Files";
			sourceTree = "<group>";
		};
/* End PBXGroup section */

/* Begin PBXNativeTarget section */
		4AB87AA9245CD09800DB6525 /* Tetris */ = {
			isa = PBXNativeTarget;
			buildConfigurationList = 4AB87ABE245CD09900DB6525 /* Build configuration list for PBXNativeTarget "Tetris" */;
			buildPhases = (
				4AB87AA6245CD09800DB6525 /* Sources */,
				4AB87AA7245CD09800DB6525 /* Frameworks */,
				4AB87AA8245CD09800DB6525 /* Resources */,
			);
			buildRules = (
			);
			dependencies = (
			);
			name = Tetris;
			productName = Tetris;
			productReference = 4AB87AAA245CD09800DB6525 /* Tetris.app */;
			productType = "com.apple.product-type.application";
		};
/* End PBXNativeTarget section */

/* Begin PBXProject section */
		4AB87AA2245CD09800DB6525 /* Project object */ = {
			isa = PBXProject;
			attributes = {
				LastSwiftUpdateCheck = 1140;
				LastUpgradeCheck = 1140;
				ORGANIZATIONNAME = "Phil Stern";
				TargetAttributes = {
					4AB87AA9245CD09800DB6525 = {
						CreatedOnToolsVersion = 11.4.1;
					};
				};
			};
			buildConfigurationList = 4AB87AA5245CD09800DB6525 /* Build configuration list for PBXProject "Tetris" */;
			compatibilityVersion = "Xcode 9.3";
			developmentRegion = en;
			hasScannedForEncodings = 0;
			knownRegions = (
				en,
				Base,
			);
			mainGroup = 4AB87AA1245CD09800DB6525;
			productRefGroup = 4AB87AAB245CD09800DB6525 /* Products */;
			projectDirPath = "";
			projectRoot = "";
			targets = (
				4AB87AA9245CD09800DB6525 /* Tetris */,
			);
		};
/* End PBXProject section */

/* Begin PBXResourcesBuildPhase section */
		4AB87AA8245CD09800DB6525 /* Resources */ = {
			isa = PBXResourcesBuildPhase;
			buildActionMask = 2147483647;
			files = (
				4AB87ABA245CD09900DB6525 /* LaunchScreen.storyboard in Resources */,
				4AB87AB7245CD09900DB6525 /* Assets.xcassets in Resources */,
				4AB87AB5245CD09800DB6525 /* Main.storyboard in Resources */,
			);
			runOnlyForDeploymentPostprocessing = 0;
		};
/* End PBXResourcesBuildPhase section */

/* Begin PBXSourcesBuildPhase section */
		4AB87AA6245CD09800DB6525 /* Sources */ = {
			isa = PBXSourcesBuildPhase;
			buildActionMask = 2147483647;
			files = (
				4AC62FEA246777640059816E /* Utilities.swift in Sources */,
				4AF4AE762472FFDF00775E88 /* HighScoresViewController.swift in Sources */,
				4AB87AC3245CDCED00DB6525 /* BoardScene.swift in Sources */,
				4AC62FE824664EBE0059816E /* BlockNode.swift in Sources */,
				4AD7D718246F9B5500055E33 /* Hud.swift in Sources */,
				4AB87AC5245CE80900DB6525 /* ShapeNode.swift in Sources */,
				4AB87AB2245CD09800DB6525 /* TetrisViewController.swift in Sources */,
				4AF4AE7B24758FA200775E88 /* Button.swift in Sources */,
				4AB87AAE245CD09800DB6525 /* AppDelegate.swift in Sources */,
			);
			runOnlyForDeploymentPostprocessing = 0;
		};
/* End PBXSourcesBuildPhase section */

/* Begin PBXVariantGroup section */
		4AB87AB3245CD09800DB6525 /* Main.storyboard */ = {
			isa = PBXVariantGroup;
			children = (
				4AB87AB4245CD09800DB6525 /* Base */,
			);
			name = Main.storyboard;
			sourceTree = "<group>";
		};
		4AB87AB8245CD09900DB6525 /* LaunchScreen.storyboard */ = {
			isa = PBXVariantGroup;
			children = (
				4AB87AB9245CD09900DB6525 /* Base */,
			);
			name = LaunchScreen.storyboard;
			sourceTree = "<group>";
		};
/* End PBXVariantGroup section */

/* Begin XCBuildConfiguration section */
		4AB87ABC245CD09900DB6525 /* Debug */ = {
			isa = XCBuildConfiguration;
			buildSettings = {
				ALWAYS_SEARCH_USER_PATHS = NO;
				CLANG_ANALYZER_NONNULL = YES;
				CLANG_ANALYZER_NUMBER_OBJECT_CONVERSION = YES_AGGRESSIVE;
				CLANG_CXX_LANGUAGE_STANDARD = "gnu++14";
				CLANG_CXX_LIBRARY = "libc++";
				CLANG_ENABLE_MODULES = YES;
				CLANG_ENABLE_OBJC_ARC = YES;
				CLANG_ENABLE_OBJC_WEAK = YES;
				CLANG_WARN_BLOCK_CAPTURE_AUTORELEASING = YES;
				CLANG_WARN_BOOL_CONVERSION = YES;
				CLANG_WARN_COMMA = YES;
				CLANG_WARN_CONSTANT_CONVERSION = YES;
				CLANG_WARN_DEPRECATED_OBJC_IMPLEMENTATIONS = YES;
				CLANG_WARN_DIRECT_OBJC_ISA_USAGE = YES_ERROR;
				CLANG_WARN_DOCUMENTATION_COMMENTS = YES;
				CLANG_WARN_EMPTY_BODY = YES;
				CLANG_WARN_ENUM_CONVERSION = YES;
				CLANG_WARN_INFINITE_RECURSION = YES;
				CLANG_WARN_INT_CONVERSION = YES;
				CLANG_WARN_NON_LITERAL_NULL_CONVERSION = YES;
				CLANG_WARN_OBJC_IMPLICIT_RETAIN_SELF = YES;
				CLANG_WARN_OBJC_LITERAL_CONVERSION = YES;
				CLANG_WARN_OBJC_ROOT_CLASS = YES_ERROR;
				CLANG_WARN_RANGE_LOOP_ANALYSIS = YES;
				CLANG_WARN_STRICT_PROTOTYPES = YES;
				CLANG_WARN_SUSPICIOUS_MOVE = YES;
				CLANG_WARN_UNGUARDED_AVAILABILITY = YES_AGGRESSIVE;
				CLANG_WARN_UNREACHABLE_CODE = YES;
				CLANG_WARN__DUPLICATE_METHOD_MATCH = YES;
				COPY_PHASE_STRIP = NO;
				DEBUG_INFORMATION_FORMAT = dwarf;
				ENABLE_STRICT_OBJC_MSGSEND = YES;
				ENABLE_TESTABILITY = YES;
				GCC_C_LANGUAGE_STANDARD = gnu11;
				GCC_DYNAMIC_NO_PIC = NO;
				GCC_NO_COMMON_BLOCKS = YES;
				GCC_OPTIMIZATION_LEVEL = 0;
				GCC_PREPROCESSOR_DEFINITIONS = (
					"DEBUG=1",
					"$(inherited)",
				);
				GCC_WARN_64_TO_32_BIT_CONVERSION = YES;
				GCC_WARN_ABOUT_RETURN_TYPE = YES_ERROR;
				GCC_WARN_UNDECLARED_SELECTOR = YES;
				GCC_WARN_UNINITIALIZED_AUTOS = YES_AGGRESSIVE;
				GCC_WARN_UNUSED_FUNCTION = YES;
				GCC_WARN_UNUSED_VARIABLE = YES;
				IPHONEOS_DEPLOYMENT_TARGET = 13.4;
				MTL_ENABLE_DEBUG_INFO = INCLUDE_SOURCE;
				MTL_FAST_MATH = YES;
				ONLY_ACTIVE_ARCH = YES;
				SDKROOT = iphoneos;
				SWIFT_ACTIVE_COMPILATION_CONDITIONS = DEBUG;
				SWIFT_OPTIMIZATION_LEVEL = "-Onone";
			};
			name = Debug;
		};
		4AB87ABD245CD09900DB6525 /* Release */ = {
			isa = XCBuildConfiguration;
			buildSettings = {
				ALWAYS_SEARCH_USER_PATHS = NO;
				CLANG_ANALYZER_NONNULL = YES;
				CLANG_ANALYZER_NUMBER_OBJECT_CONVERSION = YES_AGGRESSIVE;
				CLANG_CXX_LANGUAGE_STANDARD = "gnu++14";
				CLANG_CXX_LIBRARY = "libc++";
				CLANG_ENABLE_MODULES = YES;
				CLANG_ENABLE_OBJC_ARC = YES;
				CLANG_ENABLE_OBJC_WEAK = YES;
				CLANG_WARN_BLOCK_CAPTURE_AUTORELEASING = YES;
				CLANG_WARN_BOOL_CONVERSION = YES;
				CLANG_WARN_COMMA = YES;
				CLANG_WARN_CONSTANT_CONVERSION = YES;
				CLANG_WARN_DEPRECATED_OBJC_IMPLEMENTATIONS = YES;
				CLANG_WARN_DIRECT_OBJC_ISA_USAGE = YES_ERROR;
				CLANG_WARN_DOCUMENTATION_COMMENTS = YES;
				CLANG_WARN_EMPTY_BODY = YES;
				CLANG_WARN_ENUM_CONVERSION = YES;
				CLANG_WARN_INFINITE_RECURSION = YES;
				CLANG_WARN_INT_CONVERSION = YES;
				CLANG_WARN_NON_LITERAL_NULL_CONVERSION = YES;
				CLANG_WARN_OBJC_IMPLICIT_RETAIN_SELF = YES;
				CLANG_WARN_OBJC_LITERAL_CONVERSION = YES;
				CLANG_WARN_OBJC_ROOT_CLASS = YES_ERROR;
				CLANG_WARN_RANGE_LOOP_ANALYSIS = YES;
				CLANG_WARN_STRICT_PROTOTYPES = YES;
				CLANG_WARN_SUSPICIOUS_MOVE = YES;
				CLANG_WARN_UNGUARDED_AVAILABILITY = YES_AGGRESSIVE;
				CLANG_WARN_UNREACHABLE_CODE = YES;
				CLANG_WARN__DUPLICATE_METHOD_MATCH = YES;
				COPY_PHASE_STRIP = NO;
				DEBUG_INFORMATION_FORMAT = "dwarf-with-dsym";
				ENABLE_NS_ASSERTIONS = NO;
				ENABLE_STRICT_OBJC_MSGSEND = YES;
				GCC_C_LANGUAGE_STANDARD = gnu11;
				GCC_NO_COMMON_BLOCKS = YES;
				GCC_WARN_64_TO_32_BIT_CONVERSION = YES;
				GCC_WARN_ABOUT_RETURN_TYPE = YES_ERROR;
				GCC_WARN_UNDECLARED_SELECTOR = YES;
				GCC_WARN_UNINITIALIZED_AUTOS = YES_AGGRESSIVE;
				GCC_WARN_UNUSED_FUNCTION = YES;
				GCC_WARN_UNUSED_VARIABLE = YES;
				IPHONEOS_DEPLOYMENT_TARGET = 13.4;
				MTL_ENABLE_DEBUG_INFO = NO;
				MTL_FAST_MATH = YES;
				SDKROOT = iphoneos;
				SWIFT_COMPILATION_MODE = wholemodule;
				SWIFT_OPTIMIZATION_LEVEL = "-O";
				VALIDATE_PRODUCT = YES;
			};
			name = Release;
		};
		4AB87ABF245CD09900DB6525 /* Debug */ = {
			isa = XCBuildConfiguration;
			buildSettings = {
				ASSETCATALOG_COMPILER_APPICON_NAME = AppIcon;
				CODE_SIGN_STYLE = Automatic;
				DEVELOPMENT_TEAM = 65Z9KA7SHC;
				INFOPLIST_FILE = Tetris/Info.plist;
				IPHONEOS_DEPLOYMENT_TARGET = 12.4;
				LD_RUNPATH_SEARCH_PATHS = (
					"$(inherited)",
					"@executable_path/Frameworks",
				);
				PRODUCT_BUNDLE_IDENTIFIER = com.stern.Tetris;
				PRODUCT_NAME = "$(TARGET_NAME)";
				SWIFT_VERSION = 5.0;
				TARGETED_DEVICE_FAMILY = "1,2";
			};
			name = Debug;
		};
		4AB87AC0245CD09900DB6525 /* Release */ = {
			isa = XCBuildConfiguration;
			buildSettings = {
				ASSETCATALOG_COMPILER_APPICON_NAME = AppIcon;
				CODE_SIGN_STYLE = Automatic;
				DEVELOPMENT_TEAM = 65Z9KA7SHC;
				INFOPLIST_FILE = Tetris/Info.plist;
				IPHONEOS_DEPLOYMENT_TARGET = 12.4;
				LD_RUNPATH_SEARCH_PATHS = (
					"$(inherited)",
					"@executable_path/Frameworks",
				);
				PRODUCT_BUNDLE_IDENTIFIER = com.stern.Tetris;
				PRODUCT_NAME = "$(TARGET_NAME)";
				SWIFT_VERSION = 5.0;
				TARGETED_DEVICE_FAMILY = "1,2";
			};
			name = Release;
		};
/* End XCBuildConfiguration section */

/* Begin XCConfigurationList section */
		4AB87AA5245CD09800DB6525 /* Build configuration list for PBXProject "Tetris" */ = {
			isa = XCConfigurationList;
			buildConfigurations = (
				4AB87ABC245CD09900DB6525 /* Debug */,
				4AB87ABD245CD09900DB6525 /* Release */,
			);
			defaultConfigurationIsVisible = 0;
			defaultConfigurationName = Release;
		};
		4AB87ABE245CD09900DB6525 /* Build configuration list for PBXNativeTarget "Tetris" */ = {
			isa = XCConfigurationList;
			buildConfigurations = (
				4AB87ABF245CD09900DB6525 /* Debug */,
				4AB87AC0245CD09900DB6525 /* Release */,
			);
			defaultConfigurationIsVisible = 0;
			defaultConfigurationName = Release;
		};
/* End XCConfigurationList section */
	};
	rootObject = 4AB87AA2245CD09800DB6525 /* Project object */;
}
